<?xml version="1.0" encoding="utf-8"?>
<Project ToolsVersion="17.0" xmlns="http://schemas.microsoft.com/developer/msbuild/2003">
  <ItemGroup>
    <CustomBuild Include="C:\Users\Aarunya\Desktop\PROECTS\FrontEnd\ecatalogue\ecatalogue_priyo\ecatalogue_aarunya\flutter_aarnyacatalog_project\build\windows\CMakeFiles\201a05ce212cad6a86525770daaee0b9\INSTALL_force.rule">
      <Filter>CMake Rules</Filter>
    </CustomBuild>
  </ItemGroup>
  <ItemGroup>
    <Filter Include="CMake Rules">
      <UniqueIdentifier>{230836C6-053F-37C5-B0C0-264CE23169A4}</UniqueIdentifier>
    </Filter>
  </ItemGroup>
</Project>
